
Microsoft Visual Studio Solution File, Format Version 12.00
# Visual Studio Version 17
VisualStudioVersion = 17.14.36414.22
MinimumVisualStudioVersion = 10.0.40219.1
Project("{FAE04EC0-301F-11D3-BF4B-00C04F79EFBC}") = "PortalQuest.Domain", "PortalQuest.Domain\PortalQuest.Domain.csproj", "{31038E33-4078-47F8-AEB1-5533BDDD2ACE}"
EndProject
Project("{FAE04EC0-301F-11D3-BF4B-00C04F79EFBC}") = "PortalQuest.Application", "PortalQuest.Application\PortalQuest.Application.csproj", "{F1BE26FE-DDAF-461E-B145-4A3BE6606638}"
EndProject
Project("{FAE04EC0-301F-11D3-BF4B-00C04F79EFBC}") = "PortalQuest.Infrastructure", "PortalQuest.Infrastructure\PortalQuest.Infrastructure.csproj", "{7144E8AF-93C6-4E26-8BD0-20458EC3506F}"
EndProject
Project("{FAE04EC0-301F-11D3-BF4B-00C04F79EFBC}") = "PortalQuest.Persistence", "PortalQuest.Persistence\PortalQuest.Persistence.csproj", "{4AC421BA-9289-4D75-8A92-C91B7DD6F432}"
EndProject
Project("{2150E333-8FDC-42A3-9474-1A3956D46DE8}") = "src", "src", "{02EA681E-C7D8-13C7-8484-4AC65E1B71E8}"
EndProject
Project("{2150E333-8FDC-42A3-9474-1A3956D46DE8}") = "tests", "tests", "{4EF6B681-652C-411F-934B-C2350AF5455F}"
EndProject
Project("{FAE04EC0-301F-11D3-BF4B-00C04F79EFBC}") = "PortalQuest.Web", "PortalQuest.Web\PortalQuest.Web.csproj", "{E7D5E054-7400-472A-B2A6-2051FB671847}"
EndProject
Project("{2150E333-8FDC-42A3-9474-1A3956D46DE8}") = "Core", "Core", "{755184E9-F7CA-44D2-BA1E-66FB1D9C38BE}"
EndProject
Project("{2150E333-8FDC-42A3-9474-1A3956D46DE8}") = "Infrastructure", "Infrastructure", "{7C770EFC-3A7F-4CAA-8477-F9F9984A5449}"
EndProject
Global
	GlobalSection(SolutionConfigurationPlatforms) = preSolution
		Debug|Any CPU = Debug|Any CPU
		Release|Any CPU = Release|Any CPU
	EndGlobalSection
	GlobalSection(ProjectConfigurationPlatforms) = postSolution
		{31038E33-4078-47F8-AEB1-5533BDDD2ACE}.Debug|Any CPU.ActiveCfg = Debug|Any CPU
		{31038E33-4078-47F8-AEB1-5533BDDD2ACE}.Debug|Any CPU.Build.0 = Debug|Any CPU
		{31038E33-4078-47F8-AEB1-5533BDDD2ACE}.Release|Any CPU.ActiveCfg = Release|Any CPU
		{31038E33-4078-47F8-AEB1-5533BDDD2ACE}.Release|Any CPU.Build.0 = Release|Any CPU
		{F1BE26FE-DDAF-461E-B145-4A3BE6606638}.Debug|Any CPU.ActiveCfg = Debug|Any CPU
		{F1BE26FE-DDAF-461E-B145-4A3BE6606638}.Debug|Any CPU.Build.0 = Debug|Any CPU
		{F1BE26FE-DDAF-461E-B145-4A3BE6606638}.Release|Any CPU.ActiveCfg = Release|Any CPU
		{F1BE26FE-DDAF-461E-B145-4A3BE6606638}.Release|Any CPU.Build.0 = Release|Any CPU
		{7144E8AF-93C6-4E26-8BD0-20458EC3506F}.Debug|Any CPU.ActiveCfg = Debug|Any CPU
		{7144E8AF-93C6-4E26-8BD0-20458EC3506F}.Debug|Any CPU.Build.0 = Debug|Any CPU
		{7144E8AF-93C6-4E26-8BD0-20458EC3506F}.Release|Any CPU.ActiveCfg = Release|Any CPU
		{7144E8AF-93C6-4E26-8BD0-20458EC3506F}.Release|Any CPU.Build.0 = Release|Any CPU
		{4AC421BA-9289-4D75-8A92-C91B7DD6F432}.Debug|Any CPU.ActiveCfg = Debug|Any CPU
		{4AC421BA-9289-4D75-8A92-C91B7DD6F432}.Debug|Any CPU.Build.0 = Debug|Any CPU
		{4AC421BA-9289-4D75-8A92-C91B7DD6F432}.Release|Any CPU.ActiveCfg = Release|Any CPU
		{4AC421BA-9289-4D75-8A92-C91B7DD6F432}.Release|Any CPU.Build.0 = Release|Any CPU
		{E7D5E054-7400-472A-B2A6-2051FB671847}.Debug|Any CPU.ActiveCfg = Debug|Any CPU
		{E7D5E054-7400-472A-B2A6-2051FB671847}.Debug|Any CPU.Build.0 = Debug|Any CPU
		{E7D5E054-7400-472A-B2A6-2051FB671847}.Release|Any CPU.ActiveCfg = Release|Any CPU
		{E7D5E054-7400-472A-B2A6-2051FB671847}.Release|Any CPU.Build.0 = Release|Any CPU
	EndGlobalSection
	GlobalSection(SolutionProperties) = preSolution
		HideSolutionNode = FALSE
	EndGlobalSection
	GlobalSection(NestedProjects) = preSolution
		{31038E33-4078-47F8-AEB1-5533BDDD2ACE} = {755184E9-F7CA-44D2-BA1E-66FB1D9C38BE}
		{F1BE26FE-DDAF-461E-B145-4A3BE6606638} = {755184E9-F7CA-44D2-BA1E-66FB1D9C38BE}
		{7144E8AF-93C6-4E26-8BD0-20458EC3506F} = {7C770EFC-3A7F-4CAA-8477-F9F9984A5449}
		{4AC421BA-9289-4D75-8A92-C91B7DD6F432} = {7C770EFC-3A7F-4CAA-8477-F9F9984A5449}
		{E7D5E054-7400-472A-B2A6-2051FB671847} = {02EA681E-C7D8-13C7-8484-4AC65E1B71E8}
		{755184E9-F7CA-44D2-BA1E-66FB1D9C38BE} = {02EA681E-C7D8-13C7-8484-4AC65E1B71E8}
		{7C770EFC-3A7F-4CAA-8477-F9F9984A5449} = {02EA681E-C7D8-13C7-8484-4AC65E1B71E8}
	EndGlobalSection
	GlobalSection(ExtensibilityGlobals) = postSolution
		SolutionGuid = {20BF1FD4-A4A2-480E-AC16-D8E765645C04}
	EndGlobalSection
EndGlobal
